{
  "name": "test",
  "version": "1.0.0",
  "lockfileVersion": 1,
  "requires": true,
  "dependencies": {
    "weui-miniprogram": {
      "version": "1.2.5",
      "resolved": "https://registry.npmmirror.com/weui-miniprogram/-/weui-miniprogram-1.2.5.tgz",
      "integrity": "sha512-S0YOvcDmdV10/Wy2Xv34el8LcjwLNFS3683PbNhLPlaYO+4cRQufHeeHKuk6ct3hnCwY189G+nrdZUJ30ERHhQ=="
    }
  }
}
